<?xml version="1.0" encoding="utf-8"?>
<Project ToolsVersion="4.0" xmlns="http://schemas.microsoft.com/developer/msbuild/2003">
  <ItemGroup>
    <Filter Include="ソース ファイル">
      <UniqueIdentifier>{4FC737F1-C7A5-4376-A066-2A32D752A2FF}</UniqueIdentifier>
      <Extensions>cpp;c;cc;cxx;c++;cppm;ixx;def;odl;idl;hpj;bat;asm;asmx</Extensions>
    </Filter>
    <Filter Include="ヘッダー ファイル">
      <UniqueIdentifier>{93995380-89BD-4b04-88EB-625FBE52EBFB}</UniqueIdentifier>
      <Extensions>h;hh;hpp;hxx;h++;hm;inl;inc;ipp;xsd</Extensions>
    </Filter>
    <Filter Include="リソース ファイル">
      <UniqueIdentifier>{67DA6AB6-F800-4c08-8B7A-83BB121AAD01}</UniqueIdentifier>
      <Extensions>rc;ico;cur;bmp;dlg;rc2;rct;bin;rgs;gif;jpg;jpeg;jpe;resx;tiff;tif;png;wav;mfcribbon-ms</Extensions>
    </Filter>
    <Filter Include="シェーダー ファイル">
      <UniqueIdentifier>{718c7f4c-fc51-40ad-a221-b9456a7a1a3c}</UniqueIdentifier>
    </Filter>
    <Filter Include="scene">
      <UniqueIdentifier>{5b00d7b9-4438-4933-9747-4b44c68020bc}</UniqueIdentifier>
    </Filter>
    <Filter Include="自作ファイル">
      <UniqueIdentifier>{ffb4a13c-1cf7-4f92-a9df-b072d8c7cd6a}</UniqueIdentifier>
    </Filter>
    <Filter Include="scene\title">
      <UniqueIdentifier>{8ae37dc4-5bd9-40d0-a556-6af778987386}</UniqueIdentifier>
    </Filter>
    <Filter Include="scene\game">
      <UniqueIdentifier>{68e3cbc7-3460-4ad4-b830-cd9e9b6ed60a}</UniqueIdentifier>
    </Filter>
    <Filter Include="scene\select">
      <UniqueIdentifier>{40917d5b-75d0-4e74-8d4f-681407fdf357}</UniqueIdentifier>
    </Filter>
    <Filter Include="scene\clear">
      <UniqueIdentifier>{82dc0e1e-a7e3-4746-8b22-e4bfb80e5995}</UniqueIdentifier>
    </Filter>
    <Filter Include="scene\main">
      <UniqueIdentifier>{cdf24659-81d1-49d3-991e-952598e78649}</UniqueIdentifier>
    </Filter>
  </ItemGroup>
  <ItemGroup>
    <ClCompile Include="WorldTransformEx.cpp">
      <Filter>ソース ファイル</Filter>
    </ClCompile>
    <ClCompile Include="main.cpp">
      <Filter>自作ファイル</Filter>
    </ClCompile>
    <ClCompile Include="Title.cpp">
      <Filter>scene\title</Filter>
    </ClCompile>
    <ClCompile Include="GameScene.cpp">
      <Filter>scene\game</Filter>
    </ClCompile>
    <ClCompile Include="StageSelect.cpp">
      <Filter>scene\select</Filter>
    </ClCompile>
    <ClCompile Include="GameClear.cpp">
      <Filter>scene\clear</Filter>
    </ClCompile>
    <ClCompile Include="MainScene.cpp">
      <Filter>scene\main</Filter>
    </ClCompile>
  </ItemGroup>
  <ItemGroup>
    <FxCompile Include="Resources\shaders\SpritePS.hlsl">
      <Filter>シェーダー ファイル</Filter>
    </FxCompile>
    <FxCompile Include="Resources\shaders\SpriteVS.hlsl">
      <Filter>シェーダー ファイル</Filter>
    </FxCompile>
    <FxCompile Include="Resources\shaders\ShapeVS.hlsl">
      <Filter>シェーダー ファイル</Filter>
    </FxCompile>
    <FxCompile Include="Resources\shaders\ShapePS.hlsl">
      <Filter>シェーダー ファイル</Filter>
    </FxCompile>
    <FxCompile Include="Resources\shaders\ObjPS.hlsl">
      <Filter>シェーダー ファイル</Filter>
    </FxCompile>
    <FxCompile Include="Resources\shaders\ObjVS.hlsl">
      <Filter>シェーダー ファイル</Filter>
    </FxCompile>
    <FxCompile Include="Resources\shaders\PrimitivePS.hlsl">
      <Filter>シェーダー ファイル</Filter>
    </FxCompile>
    <FxCompile Include="Resources\shaders\PrimitiveVS.hlsl">
      <Filter>シェーダー ファイル</Filter>
    </FxCompile>
    <FxCompile Include="Resources\shaders\TerrainPS.hlsl">
      <Filter>シェーダー ファイル</Filter>
    </FxCompile>
    <FxCompile Include="Resources\shaders\TerrainVS.hlsl">
      <Filter>シェーダー ファイル</Filter>
    </FxCompile>
  </ItemGroup>
  <ItemGroup>
    <None Include="Resources\shaders\Sprite.hlsli">
      <Filter>シェーダー ファイル</Filter>
    </None>
    <None Include="Resources\shaders\Shape.hlsli">
      <Filter>シェーダー ファイル</Filter>
    </None>
    <None Include="Resources\shaders\Obj.hlsli">
      <Filter>シェーダー ファイル</Filter>
    </None>
    <None Include="Resources\shaders\Primitive.hlsli">
      <Filter>シェーダー ファイル</Filter>
    </None>
    <None Include="Resources\shaders\Terrain.hlsli">
      <Filter>シェーダー ファイル</Filter>
    </None>
  </ItemGroup>
  <ItemGroup>
    <ClInclude Include="Title.h">
      <Filter>scene\title</Filter>
    </ClInclude>
    <ClInclude Include="GameScene.h">
      <Filter>scene\game</Filter>
    </ClInclude>
    <ClInclude Include="StageSelect.h">
      <Filter>scene\select</Filter>
    </ClInclude>
    <ClInclude Include="GameClear.h">
      <Filter>scene\clear</Filter>
    </ClInclude>
    <ClInclude Include="MainScene.h">
      <Filter>scene\main</Filter>
    </ClInclude>
  </ItemGroup>
</Project>